
Microsoft Visual Studio Solution File, Format Version 12.00
# Visual Studio Version 16
VisualStudioVersion = 16.0.30907.101
MinimumVisualStudioVersion = 10.0.40219.1
Project("{FAE04EC0-301F-11D3-BF4B-00C04F79EFBC}") = "Nagykonyv", "Nagykonyv\Nagykonyv.csproj", "{18DE44AE-286E-4AD5-AF2D-97ABE1E12F3A}"
EndProject
Global
	GlobalSection(SolutionConfigurationPlatforms) = preSolution
		Debug|Any CPU = Debug|Any CPU
		Release|Any CPU = Release|Any CPU
	EndGlobalSection
	GlobalSection(ProjectConfigurationPlatforms) = postSolution
		{18DE44AE-286E-4AD5-AF2D-97ABE1E12F3A}.Debug|Any CPU.ActiveCfg = Debug|Any CPU
		{18DE44AE-286E-4AD5-AF2D-97ABE1E12F3A}.Debug|Any CPU.Build.0 = Debug|Any CPU
		{18DE44AE-286E-4AD5-AF2D-97ABE1E12F3A}.Release|Any CPU.ActiveCfg = Release|Any CPU
		{18DE44AE-286E-4AD5-AF2D-97ABE1E12F3A}.Release|Any CPU.Build.0 = Release|Any CPU
	EndGlobalSection
	GlobalSection(SolutionProperties) = preSolution
		HideSolutionNode = FALSE
	EndGlobalSection
	GlobalSection(ExtensibilityGlobals) = postSolution
		SolutionGuid = {C3B29AF2-F449-4580-80FF-A898B56C356D}
	EndGlobalSection
EndGlobal
